// !$*UTF8*$!
{
	archiveVersion = 1;
	classes = {
	};
	objectVersion = 47;
	objects = {

/* Begin PBXBuildFile section */
		03D1001E16EC579A0005A1A9 /* UIKit.framework in Frameworks */ = {isa = PBXBuildFile; fileRef = 03D1001D16EC579A0005A1A9 /* UIKit.framework */; };
		03D1002016EC579A0005A1A9 /* Foundation.framework in Frameworks */ = {isa = PBXBuildFile; fileRef = 03D1001F16EC579A0005A1A9 /* Foundation.framework */; };
		03D1002216EC579A0005A1A9 /* CoreGraphics.framework in Frameworks */ = {isa = PBXBuildFile; fileRef = 03D1002116EC579A0005A1A9 /* CoreGraphics.framework */; };
		03D1002816EC579A0005A1A9 /* InfoPlist.strings in Resources */ = {isa = PBXBuildFile; fileRef = 03D1002616EC579A0005A1A9 /* InfoPlist.strings */; };
		03D1002A16EC579A0005A1A9 /* main.m in Sources */ = {isa = PBXBuildFile; fileRef = 03D1002916EC579A0005A1A9 /* main.m */; };
		03D1002E16EC579A0005A1A9 /* AppDelegate.m in Sources */ = {isa = PBXBuildFile; fileRef = 03D1002D16EC579A0005A1A9 /* AppDelegate.m */; };
		03D1004D16EC5A680005A1A9 /* MainStoryboard_iPhone.storyboard in Resources */ = {isa = PBXBuildFile; fileRef = 03D1004B16EC5A680005A1A9 /* MainStoryboard_iPhone.storyboard */; };
		03D1006516ED41D20005A1A9 /* connected57.png in Resources */ = {isa = PBXBuildFile; fileRef = 03D1006116ED41D20005A1A9 /* connected57.png */; };
		03D1006616ED41D20005A1A9 /* connected72.png in Resources */ = {isa = PBXBuildFile; fileRef = 03D1006216ED41D20005A1A9 /* connected72.png */; };
		03D1006716ED41D20005A1A9 /* connected114.png in Resources */ = {isa = PBXBuildFile; fileRef = 03D1006316ED41D20005A1A9 /* connected114.png */; };
		03D1006816ED41D20005A1A9 /* connected144.png in Resources */ = {isa = PBXBuildFile; fileRef = 03D1006416ED41D20005A1A9 /* connected144.png */; };
		30D71F9F207C07B800E8DD76 /* PulloutMenuViewController.m in Sources */ = {isa = PBXBuildFile; fileRef = 30D71F9E207C07B800E8DD76 /* PulloutMenuViewController.m */; };
		30D71FA2207C0A2500E8DD76 /* GroupsViewController.m in Sources */ = {isa = PBXBuildFile; fileRef = 30D71FA1207C0A2500E8DD76 /* GroupsViewController.m */; };
		30D71FA5207C0A6E00E8DD76 /* GroupDetailViewController.m in Sources */ = {isa = PBXBuildFile; fileRef = 30D71FA4207C0A6E00E8DD76 /* GroupDetailViewController.m */; };
		30D71FA8207C0AB900E8DD76 /* MembersViewController.m in Sources */ = {isa = PBXBuildFile; fileRef = 30D71FA7207C0AB900E8DD76 /* MembersViewController.m */; };
		30D71FAB207C0AE100E8DD76 /* AboutViewController.m in Sources */ = {isa = PBXBuildFile; fileRef = 30D71FAA207C0AE100E8DD76 /* AboutViewController.m */; };
		30D71FAE207C0B2500E8DD76 /* SavedJobsViewController.m in Sources */ = {isa = PBXBuildFile; fileRef = 30D71FAD207C0B2500E8DD76 /* SavedJobsViewController.m */; };
		30D71FB1207C0B5900E8DD76 /* ContactUsViewController.m in Sources */ = {isa = PBXBuildFile; fileRef = 30D71FB0207C0B5900E8DD76 /* ContactUsViewController.m */; };
		37125B1820910D440004C99D /* Satisfy-Regular.ttf in Resources */ = {isa = PBXBuildFile; fileRef = 7E0A71982087E43400B560EA /* Satisfy-Regular.ttf */; };
		372236AF207575B5002AE50E /* MyNewViewController.m in Sources */ = {isa = PBXBuildFile; fileRef = 372236AE207575B5002AE50E /* MyNewViewController.m */; };
		372236B22075793F002AE50E /* SampleViewController.m in Sources */ = {isa = PBXBuildFile; fileRef = 372236B12075793F002AE50E /* SampleViewController.m */; };
		374F4FF9206C46EA008CC95E /* ProfileViewController.m in Sources */ = {isa = PBXBuildFile; fileRef = 374F4FF8206C46EA008CC95E /* ProfileViewController.m */; };
		37C232BD2087DEA100049F98 /* JobsAndCompaniesViewController.m in Sources */ = {isa = PBXBuildFile; fileRef = 37C232BC2087DEA100049F98 /* JobsAndCompaniesViewController.m */; };
		37C232C02087E50A00049F98 /* Company.m in Sources */ = {isa = PBXBuildFile; fileRef = 37C232BF2087E50A00049F98 /* Company.m */; };
		689C609F1A5F3F4D00E96D29 /* CoreData.framework in Frameworks */ = {isa = PBXBuildFile; fileRef = 689C609E1A5F3F4D00E96D29 /* CoreData.framework */; };
		7E05171E208EC46300E8B325 /* NewsPosting.m in Sources */ = {isa = PBXBuildFile; fileRef = 7E05171D208EC46300E8B325 /* NewsPosting.m */; };
		7E051722208ED26900E8B325 /* NewsPostingCell.m in Sources */ = {isa = PBXBuildFile; fileRef = 7E051721208ED26900E8B325 /* NewsPostingCell.m */; };
		7E0A71972082EBE500B560EA /* ChatSenderCell.m in Sources */ = {isa = PBXBuildFile; fileRef = 7E0A71962082EBE500B560EA /* ChatSenderCell.m */; };
		7E1233342043841200312658 /* JobPostingDetailViewController.m in Sources */ = {isa = PBXBuildFile; fileRef = 7E1233332043841200312658 /* JobPostingDetailViewController.m */; };
		7E25884C203BD75700143F3E /* Assets.xcassets in Resources */ = {isa = PBXBuildFile; fileRef = 7E25884B203BD75700143F3E /* Assets.xcassets */; };
		7E25884F203BD95E00143F3E /* fontawesome-webfont.ttf in Resources */ = {isa = PBXBuildFile; fileRef = 7E25884E203BD95E00143F3E /* fontawesome-webfont.ttf */; };
		7E258854203BEF2E00143F3E /* User.m in Sources */ = {isa = PBXBuildFile; fileRef = 7E258853203BEF2E00143F3E /* User.m */; };
		7E258857203BF2E900143F3E /* DashboardViewController.m in Sources */ = {isa = PBXBuildFile; fileRef = 7E258856203BF2E900143F3E /* DashboardViewController.m */; };
		7E2A99172040DC8900D0CC5D /* NewUserProfileViewController.m in Sources */ = {isa = PBXBuildFile; fileRef = 7E2A99162040DC8900D0CC5D /* NewUserProfileViewController.m */; };
		7E37941F204E38990024D35D /* MainTabBarViewController.m in Sources */ = {isa = PBXBuildFile; fileRef = 7E37941E204E38990024D35D /* MainTabBarViewController.m */; };
		7E42220E208BE0C800AB1196 /* ChatReceiverCell.m in Sources */ = {isa = PBXBuildFile; fileRef = 7E42220D208BE0C800AB1196 /* ChatReceiverCell.m */; };
		7E422213208D20AF00AB1196 /* JobPostingDataSource.m in Sources */ = {isa = PBXBuildFile; fileRef = 7E422212208D20AF00AB1196 /* JobPostingDataSource.m */; };
		7E422216208D20CF00AB1196 /* CompanyDataSource.m in Sources */ = {isa = PBXBuildFile; fileRef = 7E422215208D20CF00AB1196 /* CompanyDataSource.m */; };
		7EA9B14B2081AFD30047FA57 /* ChatViewController.m in Sources */ = {isa = PBXBuildFile; fileRef = 7EA9B14A2081AFD30047FA57 /* ChatViewController.m */; };
		7EBCBF032035357900078CC6 /* GoogleService-Info.plist in Resources */ = {isa = PBXBuildFile; fileRef = 7EBCBF022035357800078CC6 /* GoogleService-Info.plist */; };
		7EBCBFAC2038E24E00078CC6 /* JobPostingViewController.m in Sources */ = {isa = PBXBuildFile; fileRef = 7EBCBFAB2038E24E00078CC6 /* JobPostingViewController.m */; };
		7EBCBFAF2039F4D500078CC6 /* SignInViewController.m in Sources */ = {isa = PBXBuildFile; fileRef = 7EBCBFAE2039F4D500078CC6 /* SignInViewController.m */; };
		7EBCBFB2203A193A00078CC6 /* JobPosting.m in Sources */ = {isa = PBXBuildFile; fileRef = 7EBCBFB1203A193A00078CC6 /* JobPosting.m */; };
		7EEE65B7203E6E39006CD414 /* UnifyAuthViewController.m in Sources */ = {isa = PBXBuildFile; fileRef = 7EEE65B6203E6E39006CD414 /* UnifyAuthViewController.m */; };
		9C35A4B01DE4C7A300650581 /* SafariServices.framework in Frameworks */ = {isa = PBXBuildFile; fileRef = 9C35A4AF1DE4C7A300650581 /* SafariServices.framework */; };
		9C35A4B21DE4C7B200650581 /* Security.framework in Frameworks */ = {isa = PBXBuildFile; fileRef = 9C35A4B11DE4C7B200650581 /* Security.framework */; };
		9CA121731DAC7F67000C2FCA /* WebKit.framework in Frameworks */ = {isa = PBXBuildFile; fileRef = 9CA121721DAC7F67000C2FCA /* WebKit.framework */; };
		A0C4C2326658DD39C0655FB5 /* Pods_unify_app.framework in Frameworks */ = {isa = PBXBuildFile; fileRef = 143DC53523A10340E161E080 /* Pods_unify_app.framework */; };
		A31A89F51BF3FD8600C7B656 /* Launch Screen.storyboard in Resources */ = {isa = PBXBuildFile; fileRef = A31A89F41BF3FD8600C7B656 /* Launch Screen.storyboard */; };
		A4D20AB7208E709100A56E38 /* newsPost.m in Sources */ = {isa = PBXBuildFile; fileRef = A4D20AB6208E709100A56E38 /* newsPost.m */; };
/* End PBXBuildFile section */

/* Begin PBXFileReference section */
		03D1001A16EC579A0005A1A9 /* unify_app.app */ = {isa = PBXFileReference; explicitFileType = wrapper.application; includeInIndex = 0; path = unify_app.app; sourceTree = BUILT_PRODUCTS_DIR; };
		03D1001D16EC579A0005A1A9 /* UIKit.framework */ = {isa = PBXFileReference; lastKnownFileType = wrapper.framework; name = UIKit.framework; path = System/Library/Frameworks/UIKit.framework; sourceTree = SDKROOT; };
		03D1001F16EC579A0005A1A9 /* Foundation.framework */ = {isa = PBXFileReference; lastKnownFileType = wrapper.framework; name = Foundation.framework; path = System/Library/Frameworks/Foundation.framework; sourceTree = SDKROOT; };
		03D1002116EC579A0005A1A9 /* CoreGraphics.framework */ = {isa = PBXFileReference; lastKnownFileType = wrapper.framework; name = CoreGraphics.framework; path = System/Library/Frameworks/CoreGraphics.framework; sourceTree = SDKROOT; };
		03D1002516EC579A0005A1A9 /* unify_app-Info.plist */ = {isa = PBXFileReference; lastKnownFileType = text.plist.xml; path = "unify_app-Info.plist"; sourceTree = "<group>"; };
		03D1002716EC579A0005A1A9 /* en */ = {isa = PBXFileReference; lastKnownFileType = text.plist.strings; name = en; path = en.lproj/InfoPlist.strings; sourceTree = "<group>"; };
		03D1002916EC579A0005A1A9 /* main.m */ = {isa = PBXFileReference; lastKnownFileType = sourcecode.c.objc; path = main.m; sourceTree = "<group>"; };
		03D1002B16EC579A0005A1A9 /* unify_app-Prefix.pch */ = {isa = PBXFileReference; lastKnownFileType = sourcecode.c.h; path = "unify_app-Prefix.pch"; sourceTree = "<group>"; };
		03D1002C16EC579A0005A1A9 /* AppDelegate.h */ = {isa = PBXFileReference; lastKnownFileType = sourcecode.c.h; path = AppDelegate.h; sourceTree = "<group>"; };
		03D1002D16EC579A0005A1A9 /* AppDelegate.m */ = {isa = PBXFileReference; lastKnownFileType = sourcecode.c.objc; path = AppDelegate.m; sourceTree = "<group>"; };
		03D1004B16EC5A680005A1A9 /* MainStoryboard_iPhone.storyboard */ = {isa = PBXFileReference; fileEncoding = 4; lastKnownFileType = file.storyboard; path = MainStoryboard_iPhone.storyboard; sourceTree = "<group>"; };
		03D1006116ED41D20005A1A9 /* connected57.png */ = {isa = PBXFileReference; lastKnownFileType = image.png; path = connected57.png; sourceTree = "<group>"; };
		03D1006216ED41D20005A1A9 /* connected72.png */ = {isa = PBXFileReference; lastKnownFileType = image.png; path = connected72.png; sourceTree = "<group>"; };
		03D1006316ED41D20005A1A9 /* connected114.png */ = {isa = PBXFileReference; lastKnownFileType = image.png; path = connected114.png; sourceTree = "<group>"; };
		03D1006416ED41D20005A1A9 /* connected144.png */ = {isa = PBXFileReference; lastKnownFileType = image.png; path = connected144.png; sourceTree = "<group>"; };
		143DC53523A10340E161E080 /* Pods_unify_app.framework */ = {isa = PBXFileReference; explicitFileType = wrapper.framework; includeInIndex = 0; path = Pods_unify_app.framework; sourceTree = BUILT_PRODUCTS_DIR; };
		30D71F9D207C07B800E8DD76 /* PulloutMenuViewController.h */ = {isa = PBXFileReference; lastKnownFileType = sourcecode.c.h; path = PulloutMenuViewController.h; sourceTree = "<group>"; };
		30D71F9E207C07B800E8DD76 /* PulloutMenuViewController.m */ = {isa = PBXFileReference; lastKnownFileType = sourcecode.c.objc; path = PulloutMenuViewController.m; sourceTree = "<group>"; };
		30D71FA0207C0A2500E8DD76 /* GroupsViewController.h */ = {isa = PBXFileReference; lastKnownFileType = sourcecode.c.h; path = GroupsViewController.h; sourceTree = "<group>"; };
		30D71FA1207C0A2500E8DD76 /* GroupsViewController.m */ = {isa = PBXFileReference; lastKnownFileType = sourcecode.c.objc; path = GroupsViewController.m; sourceTree = "<group>"; };
		30D71FA3207C0A6E00E8DD76 /* GroupDetailViewController.h */ = {isa = PBXFileReference; lastKnownFileType = sourcecode.c.h; path = GroupDetailViewController.h; sourceTree = "<group>"; };
		30D71FA4207C0A6E00E8DD76 /* GroupDetailViewController.m */ = {isa = PBXFileReference; lastKnownFileType = sourcecode.c.objc; path = GroupDetailViewController.m; sourceTree = "<group>"; };
		30D71FA6207C0AB900E8DD76 /* MembersViewController.h */ = {isa = PBXFileReference; lastKnownFileType = sourcecode.c.h; path = MembersViewController.h; sourceTree = "<group>"; };
		30D71FA7207C0AB900E8DD76 /* MembersViewController.m */ = {isa = PBXFileReference; lastKnownFileType = sourcecode.c.objc; path = MembersViewController.m; sourceTree = "<group>"; };
		30D71FA9207C0AE100E8DD76 /* AboutViewController.h */ = {isa = PBXFileReference; lastKnownFileType = sourcecode.c.h; path = AboutViewController.h; sourceTree = "<group>"; };
		30D71FAA207C0AE100E8DD76 /* AboutViewController.m */ = {isa = PBXFileReference; lastKnownFileType = sourcecode.c.objc; path = AboutViewController.m; sourceTree = "<group>"; };
		30D71FAC207C0B2500E8DD76 /* SavedJobsViewController.h */ = {isa = PBXFileReference; lastKnownFileType = sourcecode.c.h; path = SavedJobsViewController.h; sourceTree = "<group>"; };
		30D71FAD207C0B2500E8DD76 /* SavedJobsViewController.m */ = {isa = PBXFileReference; lastKnownFileType = sourcecode.c.objc; path = SavedJobsViewController.m; sourceTree = "<group>"; };
		30D71FAF207C0B5900E8DD76 /* ContactUsViewController.h */ = {isa = PBXFileReference; lastKnownFileType = sourcecode.c.h; path = ContactUsViewController.h; sourceTree = "<group>"; };
		30D71FB0207C0B5900E8DD76 /* ContactUsViewController.m */ = {isa = PBXFileReference; lastKnownFileType = sourcecode.c.objc; path = ContactUsViewController.m; sourceTree = "<group>"; };
		372236AD207575B5002AE50E /* MyNewViewController.h */ = {isa = PBXFileReference; lastKnownFileType = sourcecode.c.h; path = MyNewViewController.h; sourceTree = "<group>"; };
		372236AE207575B5002AE50E /* MyNewViewController.m */ = {isa = PBXFileReference; lastKnownFileType = sourcecode.c.objc; path = MyNewViewController.m; sourceTree = "<group>"; };
		372236B02075793F002AE50E /* SampleViewController.h */ = {isa = PBXFileReference; lastKnownFileType = sourcecode.c.h; path = SampleViewController.h; sourceTree = "<group>"; };
		372236B12075793F002AE50E /* SampleViewController.m */ = {isa = PBXFileReference; lastKnownFileType = sourcecode.c.objc; path = SampleViewController.m; sourceTree = "<group>"; };
		374F4FF7206C46EA008CC95E /* ProfileViewController.h */ = {isa = PBXFileReference; lastKnownFileType = sourcecode.c.h; path = ProfileViewController.h; sourceTree = "<group>"; };
		374F4FF8206C46EA008CC95E /* ProfileViewController.m */ = {isa = PBXFileReference; lastKnownFileType = sourcecode.c.objc; path = ProfileViewController.m; sourceTree = "<group>"; };
		37C232BB2087DEA100049F98 /* JobsAndCompaniesViewController.h */ = {isa = PBXFileReference; lastKnownFileType = sourcecode.c.h; path = JobsAndCompaniesViewController.h; sourceTree = "<group>"; };
		37C232BC2087DEA100049F98 /* JobsAndCompaniesViewController.m */ = {isa = PBXFileReference; lastKnownFileType = sourcecode.c.objc; path = JobsAndCompaniesViewController.m; sourceTree = "<group>"; };
		37C232BE2087E50A00049F98 /* Company.h */ = {isa = PBXFileReference; lastKnownFileType = sourcecode.c.h; path = Company.h; sourceTree = "<group>"; };
		37C232BF2087E50A00049F98 /* Company.m */ = {isa = PBXFileReference; lastKnownFileType = sourcecode.c.objc; path = Company.m; sourceTree = "<group>"; };
		3AEE264CA113157B48CBD130 /* Pods-unify_app.debug.xcconfig */ = {isa = PBXFileReference; includeInIndex = 1; lastKnownFileType = text.xcconfig; name = "Pods-unify_app.debug.xcconfig"; path = "Pods/Target Support Files/Pods-unify_app/Pods-unify_app.debug.xcconfig"; sourceTree = "<group>"; };
		689C609E1A5F3F4D00E96D29 /* CoreData.framework */ = {isa = PBXFileReference; lastKnownFileType = wrapper.framework; name = CoreData.framework; path = System/Library/Frameworks/CoreData.framework; sourceTree = SDKROOT; };
		7E05171C208EC46300E8B325 /* NewsPosting.h */ = {isa = PBXFileReference; lastKnownFileType = sourcecode.c.h; path = NewsPosting.h; sourceTree = "<group>"; };
		7E05171D208EC46300E8B325 /* NewsPosting.m */ = {isa = PBXFileReference; lastKnownFileType = sourcecode.c.objc; path = NewsPosting.m; sourceTree = "<group>"; };
		7E051720208ED26900E8B325 /* NewsPostingCell.h */ = {isa = PBXFileReference; lastKnownFileType = sourcecode.c.h; path = NewsPostingCell.h; sourceTree = "<group>"; };
		7E051721208ED26900E8B325 /* NewsPostingCell.m */ = {isa = PBXFileReference; lastKnownFileType = sourcecode.c.objc; path = NewsPostingCell.m; sourceTree = "<group>"; };
		7E0A71952082EBE500B560EA /* ChatSenderCell.h */ = {isa = PBXFileReference; lastKnownFileType = sourcecode.c.h; name = ChatSenderCell.h; path = unify_app/Chat/ChatSenderCell.h; sourceTree = SOURCE_ROOT; };
		7E0A71962082EBE500B560EA /* ChatSenderCell.m */ = {isa = PBXFileReference; lastKnownFileType = sourcecode.c.objc; name = ChatSenderCell.m; path = unify_app/Chat/ChatSenderCell.m; sourceTree = SOURCE_ROOT; };
		7E0A71982087E43400B560EA /* Satisfy-Regular.ttf */ = {isa = PBXFileReference; lastKnownFileType = file; path = "Satisfy-Regular.ttf"; sourceTree = "<group>"; };
		7E1233322043841200312658 /* JobPostingDetailViewController.h */ = {isa = PBXFileReference; lastKnownFileType = sourcecode.c.h; path = JobPostingDetailViewController.h; sourceTree = "<group>"; };
		7E1233332043841200312658 /* JobPostingDetailViewController.m */ = {isa = PBXFileReference; lastKnownFileType = sourcecode.c.objc; path = JobPostingDetailViewController.m; sourceTree = "<group>"; };
		7E25884B203BD75700143F3E /* Assets.xcassets */ = {isa = PBXFileReference; lastKnownFileType = folder.assetcatalog; path = Assets.xcassets; sourceTree = "<group>"; };
		7E25884E203BD95E00143F3E /* fontawesome-webfont.ttf */ = {isa = PBXFileReference; lastKnownFileType = file; path = "fontawesome-webfont.ttf"; sourceTree = "<group>"; };
		7E258852203BEF2E00143F3E /* User.h */ = {isa = PBXFileReference; lastKnownFileType = sourcecode.c.h; path = User.h; sourceTree = "<group>"; };
		7E258853203BEF2E00143F3E /* User.m */ = {isa = PBXFileReference; lastKnownFileType = sourcecode.c.objc; path = User.m; sourceTree = "<group>"; };
		7E258855203BF2E900143F3E /* DashboardViewController.h */ = {isa = PBXFileReference; lastKnownFileType = sourcecode.c.h; path = DashboardViewController.h; sourceTree = "<group>"; };
		7E258856203BF2E900143F3E /* DashboardViewController.m */ = {isa = PBXFileReference; lastKnownFileType = sourcecode.c.objc; path = DashboardViewController.m; sourceTree = "<group>"; };
		7E2A99152040DC8900D0CC5D /* NewUserProfileViewController.h */ = {isa = PBXFileReference; lastKnownFileType = sourcecode.c.h; path = NewUserProfileViewController.h; sourceTree = "<group>"; };
		7E2A99162040DC8900D0CC5D /* NewUserProfileViewController.m */ = {isa = PBXFileReference; lastKnownFileType = sourcecode.c.objc; path = NewUserProfileViewController.m; sourceTree = "<group>"; };
		7E37941D204E38990024D35D /* MainTabBarViewController.h */ = {isa = PBXFileReference; lastKnownFileType = sourcecode.c.h; path = MainTabBarViewController.h; sourceTree = "<group>"; };
		7E37941E204E38990024D35D /* MainTabBarViewController.m */ = {isa = PBXFileReference; lastKnownFileType = sourcecode.c.objc; path = MainTabBarViewController.m; sourceTree = "<group>"; };
		7E42220C208BE0C800AB1196 /* ChatReceiverCell.h */ = {isa = PBXFileReference; lastKnownFileType = sourcecode.c.h; name = ChatReceiverCell.h; path = unify_app/Chat/ChatReceiverCell.h; sourceTree = SOURCE_ROOT; };
		7E42220D208BE0C800AB1196 /* ChatReceiverCell.m */ = {isa = PBXFileReference; lastKnownFileType = sourcecode.c.objc; name = ChatReceiverCell.m; path = unify_app/Chat/ChatReceiverCell.m; sourceTree = SOURCE_ROOT; };
		7E422211208D20AF00AB1196 /* JobPostingDataSource.h */ = {isa = PBXFileReference; lastKnownFileType = sourcecode.c.h; path = JobPostingDataSource.h; sourceTree = "<group>"; };
		7E422212208D20AF00AB1196 /* JobPostingDataSource.m */ = {isa = PBXFileReference; lastKnownFileType = sourcecode.c.objc; path = JobPostingDataSource.m; sourceTree = "<group>"; };
		7E422214208D20CF00AB1196 /* CompanyDataSource.h */ = {isa = PBXFileReference; lastKnownFileType = sourcecode.c.h; path = CompanyDataSource.h; sourceTree = "<group>"; };
		7E422215208D20CF00AB1196 /* CompanyDataSource.m */ = {isa = PBXFileReference; lastKnownFileType = sourcecode.c.objc; path = CompanyDataSource.m; sourceTree = "<group>"; };
		7EA9B1492081AFD30047FA57 /* ChatViewController.h */ = {isa = PBXFileReference; lastKnownFileType = sourcecode.c.h; name = ChatViewController.h; path = unify_app/Chat/ChatViewController.h; sourceTree = SOURCE_ROOT; };
		7EA9B14A2081AFD30047FA57 /* ChatViewController.m */ = {isa = PBXFileReference; lastKnownFileType = sourcecode.c.objc; name = ChatViewController.m; path = unify_app/Chat/ChatViewController.m; sourceTree = SOURCE_ROOT; };
		7EBCBF022035357800078CC6 /* GoogleService-Info.plist */ = {isa = PBXFileReference; fileEncoding = 4; lastKnownFileType = text.plist.xml; path = "GoogleService-Info.plist"; sourceTree = "<group>"; };
		7EBCBFAA2038E24E00078CC6 /* JobPostingViewController.h */ = {isa = PBXFileReference; lastKnownFileType = sourcecode.c.h; path = JobPostingViewController.h; sourceTree = "<group>"; };
		7EBCBFAB2038E24E00078CC6 /* JobPostingViewController.m */ = {isa = PBXFileReference; lastKnownFileType = sourcecode.c.objc; path = JobPostingViewController.m; sourceTree = "<group>"; };
		7EBCBFAD2039F4D500078CC6 /* SignInViewController.h */ = {isa = PBXFileReference; lastKnownFileType = sourcecode.c.h; path = SignInViewController.h; sourceTree = "<group>"; };
		7EBCBFAE2039F4D500078CC6 /* SignInViewController.m */ = {isa = PBXFileReference; lastKnownFileType = sourcecode.c.objc; path = SignInViewController.m; sourceTree = "<group>"; };
		7EBCBFB0203A193A00078CC6 /* JobPosting.h */ = {isa = PBXFileReference; lastKnownFileType = sourcecode.c.h; path = JobPosting.h; sourceTree = "<group>"; };
		7EBCBFB1203A193A00078CC6 /* JobPosting.m */ = {isa = PBXFileReference; lastKnownFileType = sourcecode.c.objc; path = JobPosting.m; sourceTree = "<group>"; };
		7EEE65B5203E6E39006CD414 /* UnifyAuthViewController.h */ = {isa = PBXFileReference; lastKnownFileType = sourcecode.c.h; path = UnifyAuthViewController.h; sourceTree = "<group>"; };
		7EEE65B6203E6E39006CD414 /* UnifyAuthViewController.m */ = {isa = PBXFileReference; lastKnownFileType = sourcecode.c.objc; path = UnifyAuthViewController.m; sourceTree = "<group>"; };
		9C35A4AF1DE4C7A300650581 /* SafariServices.framework */ = {isa = PBXFileReference; lastKnownFileType = wrapper.framework; name = SafariServices.framework; path = System/Library/Frameworks/SafariServices.framework; sourceTree = SDKROOT; };
		9C35A4B11DE4C7B200650581 /* Security.framework */ = {isa = PBXFileReference; lastKnownFileType = wrapper.framework; name = Security.framework; path = System/Library/Frameworks/Security.framework; sourceTree = SDKROOT; };
		9CA121721DAC7F67000C2FCA /* WebKit.framework */ = {isa = PBXFileReference; lastKnownFileType = wrapper.framework; name = WebKit.framework; path = System/Library/Frameworks/WebKit.framework; sourceTree = SDKROOT; };
		A31A89F41BF3FD8600C7B656 /* Launch Screen.storyboard */ = {isa = PBXFileReference; fileEncoding = 4; lastKnownFileType = file.storyboard; path = "Launch Screen.storyboard"; sourceTree = "<group>"; };
		A485DDF22072B89E00AC7757 /* SF-Pro-Text-BoldItalic.otf */ = {isa = PBXFileReference; lastKnownFileType = file; path = "SF-Pro-Text-BoldItalic.otf"; sourceTree = "<group>"; };
		A485DDF32072B89F00AC7757 /* SF-Pro-Display-Regular.otf */ = {isa = PBXFileReference; lastKnownFileType = file; path = "SF-Pro-Display-Regular.otf"; sourceTree = "<group>"; };
		A485DDF42072B89F00AC7757 /* SF-Pro-Display-LightItalic.otf */ = {isa = PBXFileReference; lastKnownFileType = file; path = "SF-Pro-Display-LightItalic.otf"; sourceTree = "<group>"; };
		A485DDF52072B89F00AC7757 /* SF-Pro-Display-RegularItalic.otf */ = {isa = PBXFileReference; lastKnownFileType = file; path = "SF-Pro-Display-RegularItalic.otf"; sourceTree = "<group>"; };
		A485DDF62072B89F00AC7757 /* SF-Pro-Text-HeavyItalic.otf */ = {isa = PBXFileReference; lastKnownFileType = file; path = "SF-Pro-Text-HeavyItalic.otf"; sourceTree = "<group>"; };
		A485DDF72072B8A000AC7757 /* SF-Pro-Display-MediumItalic.otf */ = {isa = PBXFileReference; lastKnownFileType = file; path = "SF-Pro-Display-MediumItalic.otf"; sourceTree = "<group>"; };
		A485DDF82072B8A000AC7757 /* SF-Pro-Text-MediumItalic.otf */ = {isa = PBXFileReference; lastKnownFileType = file; path = "SF-Pro-Text-MediumItalic.otf"; sourceTree = "<group>"; };
		A485DDF92072B8A000AC7757 /* SF-Pro-Display-BoldItalic.otf */ = {isa = PBXFileReference; lastKnownFileType = file; path = "SF-Pro-Display-BoldItalic.otf"; sourceTree = "<group>"; };
		A485DDFA2072B8A000AC7757 /* SF-Pro-Display-Ultralight.otf */ = {isa = PBXFileReference; lastKnownFileType = file; path = "SF-Pro-Display-Ultralight.otf"; sourceTree = "<group>"; };
		A485DDFB2072B8A000AC7757 /* SF-Pro-Display-SemiboldItalic.otf */ = {isa = PBXFileReference; lastKnownFileType = file; path = "SF-Pro-Display-SemiboldItalic.otf"; sourceTree = "<group>"; };
		A485DDFC2072B8A000AC7757 /* SF-Pro-Text-LightItalic.otf */ = {isa = PBXFileReference; lastKnownFileType = file; path = "SF-Pro-Text-LightItalic.otf"; sourceTree = "<group>"; };
		A485DDFD2072B8A100AC7757 /* SF-Pro-Display-Black.otf */ = {isa = PBXFileReference; lastKnownFileType = file; path = "SF-Pro-Display-Black.otf"; sourceTree = "<group>"; };
		A485DDFE2072B8A100AC7757 /* SF-Pro-Text-RegularItalic.otf */ = {isa = PBXFileReference; lastKnownFileType = file; path = "SF-Pro-Text-RegularItalic.otf"; sourceTree = "<group>"; };
		A485DDFF2072B8A100AC7757 /* SF-Pro-Display-BlackItalic.otf */ = {isa = PBXFileReference; lastKnownFileType = file; path = "SF-Pro-Display-BlackItalic.otf"; sourceTree = "<group>"; };
		A485DE002072B8A100AC7757 /* SF-Pro-Display-ThinItalic.otf */ = {isa = PBXFileReference; lastKnownFileType = file; path = "SF-Pro-Display-ThinItalic.otf"; sourceTree = "<group>"; };
		A485DE012072B8A100AC7757 /* SF-Pro-Display-UltralightItalic.otf */ = {isa = PBXFileReference; lastKnownFileType = file; path = "SF-Pro-Display-UltralightItalic.otf"; sourceTree = "<group>"; };
		A485DE022072B8A200AC7757 /* SF-Pro-Text-Bold.otf */ = {isa = PBXFileReference; lastKnownFileType = file; path = "SF-Pro-Text-Bold.otf"; sourceTree = "<group>"; };
		A485DE032072B8A200AC7757 /* SF-Pro-Text-Light.otf */ = {isa = PBXFileReference; lastKnownFileType = file; path = "SF-Pro-Text-Light.otf"; sourceTree = "<group>"; };
		A485DE042072B8A200AC7757 /* SF-Pro-Text-Heavy.otf */ = {isa = PBXFileReference; lastKnownFileType = file; path = "SF-Pro-Text-Heavy.otf"; sourceTree = "<group>"; };
		A485DE052072B8A200AC7757 /* SF-Pro-Display-Bold.otf */ = {isa = PBXFileReference; lastKnownFileType = file; path = "SF-Pro-Display-Bold.otf"; sourceTree = "<group>"; };
		A485DE062072B8A200AC7757 /* SF-Pro-Display-Semibold.otf */ = {isa = PBXFileReference; lastKnownFileType = file; path = "SF-Pro-Display-Semibold.otf"; sourceTree = "<group>"; };
		A485DE072072B8A300AC7757 /* SF-Pro-Text-Medium.otf */ = {isa = PBXFileReference; lastKnownFileType = file; path = "SF-Pro-Text-Medium.otf"; sourceTree = "<group>"; };
		A485DE082072B8A300AC7757 /* SF-Pro-Display-Light.otf */ = {isa = PBXFileReference; lastKnownFileType = file; path = "SF-Pro-Display-Light.otf"; sourceTree = "<group>"; };
		A485DE092072B8A300AC7757 /* SF-Pro-Display-HeavyItalic.otf */ = {isa = PBXFileReference; lastKnownFileType = file; path = "SF-Pro-Display-HeavyItalic.otf"; sourceTree = "<group>"; };
		A485DE0A2072B8A300AC7757 /* SF-Pro-Text-Semibold.otf */ = {isa = PBXFileReference; lastKnownFileType = file; path = "SF-Pro-Text-Semibold.otf"; sourceTree = "<group>"; };
		A485DE0B2072B8A300AC7757 /* SF-Pro-Text-Regular.otf */ = {isa = PBXFileReference; lastKnownFileType = file; path = "SF-Pro-Text-Regular.otf"; sourceTree = "<group>"; };
		A485DE0C2072B8A300AC7757 /* SF-Pro-Text-SemiboldItalic.otf */ = {isa = PBXFileReference; lastKnownFileType = file; path = "SF-Pro-Text-SemiboldItalic.otf"; sourceTree = "<group>"; };
		A485DE0D2072B8A400AC7757 /* SF-Pro-Display-Heavy.otf */ = {isa = PBXFileReference; lastKnownFileType = file; path = "SF-Pro-Display-Heavy.otf"; sourceTree = "<group>"; };
		A485DE0E2072B8A400AC7757 /* SF-Pro-Display-Thin.otf */ = {isa = PBXFileReference; lastKnownFileType = file; path = "SF-Pro-Display-Thin.otf"; sourceTree = "<group>"; };
		A485DE0F2072B8A400AC7757 /* SF-Pro-Display-Medium.otf */ = {isa = PBXFileReference; lastKnownFileType = file; path = "SF-Pro-Display-Medium.otf"; sourceTree = "<group>"; };
		A4D20AB5208E709100A56E38 /* newsPost.h */ = {isa = PBXFileReference; lastKnownFileType = sourcecode.c.h; path = newsPost.h; sourceTree = "<group>"; };
		A4D20AB6208E709100A56E38 /* newsPost.m */ = {isa = PBXFileReference; lastKnownFileType = sourcecode.c.objc; path = newsPost.m; sourceTree = "<group>"; };
		A570C95E64D0D4C1185764F6 /* Pods-unify_app.release.xcconfig */ = {isa = PBXFileReference; includeInIndex = 1; lastKnownFileType = text.xcconfig; name = "Pods-unify_app.release.xcconfig"; path = "Pods/Target Support Files/Pods-unify_app/Pods-unify_app.release.xcconfig"; sourceTree = "<group>"; };
/* End PBXFileReference section */

/* Begin PBXFrameworksBuildPhase section */
		03D1001716EC579A0005A1A9 /* Frameworks */ = {
			isa = PBXFrameworksBuildPhase;
			buildActionMask = 2147483647;
			files = (
				9C35A4B21DE4C7B200650581 /* Security.framework in Frameworks */,
				9C35A4B01DE4C7A300650581 /* SafariServices.framework in Frameworks */,
				9CA121731DAC7F67000C2FCA /* WebKit.framework in Frameworks */,
				689C609F1A5F3F4D00E96D29 /* CoreData.framework in Frameworks */,
				03D1001E16EC579A0005A1A9 /* UIKit.framework in Frameworks */,
				03D1002016EC579A0005A1A9 /* Foundation.framework in Frameworks */,
				03D1002216EC579A0005A1A9 /* CoreGraphics.framework in Frameworks */,
				A0C4C2326658DD39C0655FB5 /* Pods_unify_app.framework in Frameworks */,
			);
			runOnlyForDeploymentPostprocessing = 0;
		};
/* End PBXFrameworksBuildPhase section */

/* Begin PBXGroup section */
		03D1001116EC579A0005A1A9 = {
			isa = PBXGroup;
			children = (
				03D1002316EC579A0005A1A9 /* unify_app */,
				03D1001C16EC579A0005A1A9 /* Frameworks */,
				03D1001B16EC579A0005A1A9 /* Products */,
				A45807836EE7704DC7186E40 /* Pods */,
			);
			sourceTree = "<group>";
		};
		03D1001B16EC579A0005A1A9 /* Products */ = {
			isa = PBXGroup;
			children = (
				03D1001A16EC579A0005A1A9 /* unify_app.app */,
			);
			name = Products;
			sourceTree = "<group>";
		};
		03D1001C16EC579A0005A1A9 /* Frameworks */ = {
			isa = PBXGroup;
			children = (
				9C35A4B11DE4C7B200650581 /* Security.framework */,
				9C35A4AF1DE4C7A300650581 /* SafariServices.framework */,
				9CA121721DAC7F67000C2FCA /* WebKit.framework */,
				689C609E1A5F3F4D00E96D29 /* CoreData.framework */,
				03D1001D16EC579A0005A1A9 /* UIKit.framework */,
				03D1001F16EC579A0005A1A9 /* Foundation.framework */,
				03D1002116EC579A0005A1A9 /* CoreGraphics.framework */,
				143DC53523A10340E161E080 /* Pods_unify_app.framework */,
			);
			name = Frameworks;
			sourceTree = "<group>";
		};
		03D1002316EC579A0005A1A9 /* unify_app */ = {
			isa = PBXGroup;
			children = (
				7E05171F208ED11A00E8B325 /* Dashboard */,
				7E422210208D1EC400AB1196 /* Future Classes */,
				7E42220F208D1E4900AB1196 /* JobAndCompany */,
				7EA9B1482081AF8E0047FA57 /* Chat */,
				7E25884D203BD93B00143F3E /* fonts */,
				7EBCBF022035357800078CC6 /* GoogleService-Info.plist */,
				03D1004B16EC5A680005A1A9 /* MainStoryboard_iPhone.storyboard */,
				7E2A99152040DC8900D0CC5D /* NewUserProfileViewController.h */,
				7E2A99162040DC8900D0CC5D /* NewUserProfileViewController.m */,
				A4D20AB5208E709100A56E38 /* newsPost.h */,
				A4D20AB6208E709100A56E38 /* newsPost.m */,
				03D1002C16EC579A0005A1A9 /* AppDelegate.h */,
				03D1002D16EC579A0005A1A9 /* AppDelegate.m */,
				03D1002416EC579A0005A1A9 /* Supporting Files */,
				A31A89F41BF3FD8600C7B656 /* Launch Screen.storyboard */,
				7EBCBFAA2038E24E00078CC6 /* JobPostingViewController.h */,
				7EBCBFAB2038E24E00078CC6 /* JobPostingViewController.m */,
				7EBCBFAD2039F4D500078CC6 /* SignInViewController.h */,
				7EBCBFAE2039F4D500078CC6 /* SignInViewController.m */,
				7E25884B203BD75700143F3E /* Assets.xcassets */,
				7E258852203BEF2E00143F3E /* User.h */,
				7E258853203BEF2E00143F3E /* User.m */,
				7EEE65B5203E6E39006CD414 /* UnifyAuthViewController.h */,
				7EEE65B6203E6E39006CD414 /* UnifyAuthViewController.m */,
				7E37941D204E38990024D35D /* MainTabBarViewController.h */,
				7E37941E204E38990024D35D /* MainTabBarViewController.m */,
				374F4FF7206C46EA008CC95E /* ProfileViewController.h */,
				374F4FF8206C46EA008CC95E /* ProfileViewController.m */,
			);
			path = unify_app;
			sourceTree = "<group>";
		};
		03D1002416EC579A0005A1A9 /* Supporting Files */ = {
			isa = PBXGroup;
			children = (
				03D1006116ED41D20005A1A9 /* connected57.png */,
				03D1006216ED41D20005A1A9 /* connected72.png */,
				03D1006316ED41D20005A1A9 /* connected114.png */,
				03D1006416ED41D20005A1A9 /* connected144.png */,
				03D1002516EC579A0005A1A9 /* unify_app-Info.plist */,
				03D1002616EC579A0005A1A9 /* InfoPlist.strings */,
				03D1002916EC579A0005A1A9 /* main.m */,
				03D1002B16EC579A0005A1A9 /* unify_app-Prefix.pch */,
			);
			name = "Supporting Files";
			sourceTree = "<group>";
		};
		7E05171F208ED11A00E8B325 /* Dashboard */ = {
			isa = PBXGroup;
			children = (
				7E258855203BF2E900143F3E /* DashboardViewController.h */,
				7E258856203BF2E900143F3E /* DashboardViewController.m */,
				7E05171C208EC46300E8B325 /* NewsPosting.h */,
				7E05171D208EC46300E8B325 /* NewsPosting.m */,
				7E051720208ED26900E8B325 /* NewsPostingCell.h */,
				7E051721208ED26900E8B325 /* NewsPostingCell.m */,
			);
			path = Dashboard;
			sourceTree = "<group>";
		};
		7E25884D203BD93B00143F3E /* fonts */ = {
			isa = PBXGroup;
			children = (
				A485DDFD2072B8A100AC7757 /* SF-Pro-Display-Black.otf */,
				A485DDFF2072B8A100AC7757 /* SF-Pro-Display-BlackItalic.otf */,
				7E0A71982087E43400B560EA /* Satisfy-Regular.ttf */,
				A485DE052072B8A200AC7757 /* SF-Pro-Display-Bold.otf */,
				A485DDF92072B8A000AC7757 /* SF-Pro-Display-BoldItalic.otf */,
				A485DE0D2072B8A400AC7757 /* SF-Pro-Display-Heavy.otf */,
				A485DE092072B8A300AC7757 /* SF-Pro-Display-HeavyItalic.otf */,
				A485DE082072B8A300AC7757 /* SF-Pro-Display-Light.otf */,
				A485DDF42072B89F00AC7757 /* SF-Pro-Display-LightItalic.otf */,
				A485DE0F2072B8A400AC7757 /* SF-Pro-Display-Medium.otf */,
				A485DDF72072B8A000AC7757 /* SF-Pro-Display-MediumItalic.otf */,
				A485DDF32072B89F00AC7757 /* SF-Pro-Display-Regular.otf */,
				A485DDF52072B89F00AC7757 /* SF-Pro-Display-RegularItalic.otf */,
				A485DE062072B8A200AC7757 /* SF-Pro-Display-Semibold.otf */,
				A485DDFB2072B8A000AC7757 /* SF-Pro-Display-SemiboldItalic.otf */,
				A485DE0E2072B8A400AC7757 /* SF-Pro-Display-Thin.otf */,
				A485DE002072B8A100AC7757 /* SF-Pro-Display-ThinItalic.otf */,
				A485DDFA2072B8A000AC7757 /* SF-Pro-Display-Ultralight.otf */,
				A485DE012072B8A100AC7757 /* SF-Pro-Display-UltralightItalic.otf */,
				A485DE022072B8A200AC7757 /* SF-Pro-Text-Bold.otf */,
				A485DDF22072B89E00AC7757 /* SF-Pro-Text-BoldItalic.otf */,
				A485DE042072B8A200AC7757 /* SF-Pro-Text-Heavy.otf */,
				A485DDF62072B89F00AC7757 /* SF-Pro-Text-HeavyItalic.otf */,
				A485DE032072B8A200AC7757 /* SF-Pro-Text-Light.otf */,
				A485DDFC2072B8A000AC7757 /* SF-Pro-Text-LightItalic.otf */,
				A485DE072072B8A300AC7757 /* SF-Pro-Text-Medium.otf */,
				A485DDF82072B8A000AC7757 /* SF-Pro-Text-MediumItalic.otf */,
				A485DE0B2072B8A300AC7757 /* SF-Pro-Text-Regular.otf */,
				A485DDFE2072B8A100AC7757 /* SF-Pro-Text-RegularItalic.otf */,
				A485DE0A2072B8A300AC7757 /* SF-Pro-Text-Semibold.otf */,
				A485DE0C2072B8A300AC7757 /* SF-Pro-Text-SemiboldItalic.otf */,
				7E25884E203BD95E00143F3E /* fontawesome-webfont.ttf */,
			);
			path = fonts;
			sourceTree = "<group>";
		};
		7E42220F208D1E4900AB1196 /* JobAndCompany */ = {
			isa = PBXGroup;
			children = (
				7E1233322043841200312658 /* JobPostingDetailViewController.h */,
				7E1233332043841200312658 /* JobPostingDetailViewController.m */,
				37C232BB2087DEA100049F98 /* JobsAndCompaniesViewController.h */,
				37C232BC2087DEA100049F98 /* JobsAndCompaniesViewController.m */,
				37C232BE2087E50A00049F98 /* Company.h */,
				37C232BF2087E50A00049F98 /* Company.m */,
				7EBCBFB0203A193A00078CC6 /* JobPosting.h */,
				7EBCBFB1203A193A00078CC6 /* JobPosting.m */,
				7E422211208D20AF00AB1196 /* JobPostingDataSource.h */,
				7E422212208D20AF00AB1196 /* JobPostingDataSource.m */,
				7E422214208D20CF00AB1196 /* CompanyDataSource.h */,
				7E422215208D20CF00AB1196 /* CompanyDataSource.m */,
			);
			path = JobAndCompany;
			sourceTree = "<group>";
		};
		7E422210208D1EC400AB1196 /* Future Classes */ = {
			isa = PBXGroup;
			children = (
				372236AD207575B5002AE50E /* MyNewViewController.h */,
				372236AE207575B5002AE50E /* MyNewViewController.m */,
				372236B02075793F002AE50E /* SampleViewController.h */,
				372236B12075793F002AE50E /* SampleViewController.m */,
				30D71F9D207C07B800E8DD76 /* PulloutMenuViewController.h */,
				30D71F9E207C07B800E8DD76 /* PulloutMenuViewController.m */,
				30D71FA0207C0A2500E8DD76 /* GroupsViewController.h */,
				30D71FA1207C0A2500E8DD76 /* GroupsViewController.m */,
				30D71FA3207C0A6E00E8DD76 /* GroupDetailViewController.h */,
				30D71FA4207C0A6E00E8DD76 /* GroupDetailViewController.m */,
				30D71FA6207C0AB900E8DD76 /* MembersViewController.h */,
				30D71FA7207C0AB900E8DD76 /* MembersViewController.m */,
				30D71FA9207C0AE100E8DD76 /* AboutViewController.h */,
				30D71FAA207C0AE100E8DD76 /* AboutViewController.m */,
				30D71FAC207C0B2500E8DD76 /* SavedJobsViewController.h */,
				30D71FAD207C0B2500E8DD76 /* SavedJobsViewController.m */,
				30D71FAF207C0B5900E8DD76 /* ContactUsViewController.h */,
				30D71FB0207C0B5900E8DD76 /* ContactUsViewController.m */,
			);
			path = "Future Classes";
			sourceTree = "<group>";
		};
		7EA9B1482081AF8E0047FA57 /* Chat */ = {
			isa = PBXGroup;
			children = (
				7EA9B1492081AFD30047FA57 /* ChatViewController.h */,
				7EA9B14A2081AFD30047FA57 /* ChatViewController.m */,
				7E0A71952082EBE500B560EA /* ChatSenderCell.h */,
				7E0A71962082EBE500B560EA /* ChatSenderCell.m */,
				7E42220C208BE0C800AB1196 /* ChatReceiverCell.h */,
				7E42220D208BE0C800AB1196 /* ChatReceiverCell.m */,
			);
			name = Chat;
			path = "New Group1";
			sourceTree = "<group>";
		};
		A45807836EE7704DC7186E40 /* Pods */ = {
			isa = PBXGroup;
			children = (
				3AEE264CA113157B48CBD130 /* Pods-unify_app.debug.xcconfig */,
				A570C95E64D0D4C1185764F6 /* Pods-unify_app.release.xcconfig */,
			);
			name = Pods;
			sourceTree = "<group>";
		};
/* End PBXGroup section */

/* Begin PBXNativeTarget section */
		03D1001916EC579A0005A1A9 /* unify_app */ = {
			isa = PBXNativeTarget;
			buildConfigurationList = 03D1004016EC579A0005A1A9 /* Build configuration list for PBXNativeTarget "unify_app" */;
			buildPhases = (
				071F75BA581AF3E881176576 /* [CP] Check Pods Manifest.lock */,
				03D1001616EC579A0005A1A9 /* Sources */,
				03D1001716EC579A0005A1A9 /* Frameworks */,
				03D1001816EC579A0005A1A9 /* Resources */,
				EFDA9B19C80DF8DE0DA197EA /* [CP] Embed Pods Frameworks */,
				02CC564A5FE7E04C7B182952 /* [CP] Copy Pods Resources */,
			);
			buildRules = (
			);
			dependencies = (
			);
			name = unify_app;
			productName = unify_app;
			productReference = 03D1001A16EC579A0005A1A9 /* unify_app.app */;
			productType = "com.apple.product-type.application";
		};
/* End PBXNativeTarget section */

/* Begin PBXProject section */
		03D1001216EC579A0005A1A9 /* Project object */ = {
			isa = PBXProject;
			attributes = {
				CLASSPREFIX = "";
				LastUpgradeCheck = 0910;
				ORGANIZATIONNAME = Unify;
				TargetAttributes = {
					03D1001916EC579A0005A1A9 = {
						ProvisioningStyle = Manual;
					};
				};
			};
			buildConfigurationList = 03D1001516EC579A0005A1A9 /* Build configuration list for PBXProject "unify_app" */;
			compatibilityVersion = "Xcode 6.3";
			developmentRegion = English;
			hasScannedForEncodings = 0;
			knownRegions = (
				en,
			);
			mainGroup = 03D1001116EC579A0005A1A9;
			productRefGroup = 03D1001B16EC579A0005A1A9 /* Products */;
			projectDirPath = "";
			projectRoot = "";
			targets = (
				03D1001916EC579A0005A1A9 /* unify_app */,
			);
		};
/* End PBXProject section */

/* Begin PBXResourcesBuildPhase section */
		03D1001816EC579A0005A1A9 /* Resources */ = {
			isa = PBXResourcesBuildPhase;
			buildActionMask = 2147483647;
			files = (
				03D1002816EC579A0005A1A9 /* InfoPlist.strings in Resources */,
				7EBCBF032035357900078CC6 /* GoogleService-Info.plist in Resources */,
				03D1004D16EC5A680005A1A9 /* MainStoryboard_iPhone.storyboard in Resources */,
				7E25884C203BD75700143F3E /* Assets.xcassets in Resources */,
				03D1006516ED41D20005A1A9 /* connected57.png in Resources */,
				03D1006616ED41D20005A1A9 /* connected72.png in Resources */,
				03D1006716ED41D20005A1A9 /* connected114.png in Resources */,
				37125B1820910D440004C99D /* Satisfy-Regular.ttf in Resources */,
				7E25884F203BD95E00143F3E /* fontawesome-webfont.ttf in Resources */,
				A31A89F51BF3FD8600C7B656 /* Launch Screen.storyboard in Resources */,
				03D1006816ED41D20005A1A9 /* connected144.png in Resources */,
			);
			runOnlyForDeploymentPostprocessing = 0;
		};
/* End PBXResourcesBuildPhase section */

/* Begin PBXShellScriptBuildPhase section */
		02CC564A5FE7E04C7B182952 /* [CP] Copy Pods Resources */ = {
			isa = PBXShellScriptBuildPhase;
			buildActionMask = 2147483647;
			files = (
			);
			inputPaths = (
				"${SRCROOT}/Pods/Target Support Files/Pods-unify_app/Pods-unify_app-resources.sh",
				"${PODS_CONFIGURATION_BUILD_DIR}/FirebaseUI/FirebaseAuthUI.bundle",
				"${PODS_CONFIGURATION_BUILD_DIR}/FirebaseUI/FirebaseFacebookAuthUI.bundle",
				"${PODS_CONFIGURATION_BUILD_DIR}/FirebaseUI/FirebaseGoogleAuthUI.bundle",
				"${PODS_CONFIGURATION_BUILD_DIR}/FirebaseUI/FirebasePhoneAuthUI.bundle",
				"${PODS_CONFIGURATION_BUILD_DIR}/FirebaseUI/FirebaseTwitterAuthUI.bundle",
				"${PODS_ROOT}/GoogleSignIn/Resources/GoogleSignIn.bundle",
				"${PODS_ROOT}/TwitterKit/iOS/TwitterKit.framework/TwitterKitResources.bundle",
				"${PODS_ROOT}/TwitterKit/iOS/TwitterKit.framework/TwitterShareExtensionUIResources.bundle",
			);
			name = "[CP] Copy Pods Resources";
			outputPaths = (
				"${TARGET_BUILD_DIR}/${UNLOCALIZED_RESOURCES_FOLDER_PATH}/FirebaseAuthUI.bundle",
				"${TARGET_BUILD_DIR}/${UNLOCALIZED_RESOURCES_FOLDER_PATH}/FirebaseFacebookAuthUI.bundle",
				"${TARGET_BUILD_DIR}/${UNLOCALIZED_RESOURCES_FOLDER_PATH}/FirebaseGoogleAuthUI.bundle",
				"${TARGET_BUILD_DIR}/${UNLOCALIZED_RESOURCES_FOLDER_PATH}/FirebasePhoneAuthUI.bundle",
				"${TARGET_BUILD_DIR}/${UNLOCALIZED_RESOURCES_FOLDER_PATH}/FirebaseTwitterAuthUI.bundle",
				"${TARGET_BUILD_DIR}/${UNLOCALIZED_RESOURCES_FOLDER_PATH}/GoogleSignIn.bundle",
				"${TARGET_BUILD_DIR}/${UNLOCALIZED_RESOURCES_FOLDER_PATH}/TwitterKitResources.bundle",
				"${TARGET_BUILD_DIR}/${UNLOCALIZED_RESOURCES_FOLDER_PATH}/TwitterShareExtensionUIResources.bundle",
			);
			runOnlyForDeploymentPostprocessing = 0;
			shellPath = /bin/sh;
			shellScript = "\"${SRCROOT}/Pods/Target Support Files/Pods-unify_app/Pods-unify_app-resources.sh\"\n";
			showEnvVarsInLog = 0;
		};
		071F75BA581AF3E881176576 /* [CP] Check Pods Manifest.lock */ = {
			isa = PBXShellScriptBuildPhase;
			buildActionMask = 2147483647;
			files = (
			);
			inputPaths = (
				"${PODS_PODFILE_DIR_PATH}/Podfile.lock",
				"${PODS_ROOT}/Manifest.lock",
			);
			name = "[CP] Check Pods Manifest.lock";
			outputPaths = (
				"$(DERIVED_FILE_DIR)/Pods-unify_app-checkManifestLockResult.txt",
			);
			runOnlyForDeploymentPostprocessing = 0;
			shellPath = /bin/sh;
			shellScript = "diff \"${PODS_PODFILE_DIR_PATH}/Podfile.lock\" \"${PODS_ROOT}/Manifest.lock\" > /dev/null\nif [ $? != 0 ] ; then\n    # print error to STDERR\n    echo \"error: The sandbox is not in sync with the Podfile.lock. Run 'pod install' or update your CocoaPods installation.\" >&2\n    exit 1\nfi\n# This output is used by Xcode 'outputs' to avoid re-running this script phase.\necho \"SUCCESS\" > \"${SCRIPT_OUTPUT_FILE_0}\"\n";
			showEnvVarsInLog = 0;
		};
		EFDA9B19C80DF8DE0DA197EA /* [CP] Embed Pods Frameworks */ = {
			isa = PBXShellScriptBuildPhase;
			buildActionMask = 2147483647;
			files = (
			);
			inputPaths = (
				"${SRCROOT}/Pods/Target Support Files/Pods-unify_app/Pods-unify_app-frameworks.sh",
				"${BUILT_PRODUCTS_DIR}/Bolts/Bolts.framework",
				"${BUILT_PRODUCTS_DIR}/BoringSSL/openssl.framework",
				"${BUILT_PRODUCTS_DIR}/FBSDKCoreKit/FBSDKCoreKit.framework",
				"${BUILT_PRODUCTS_DIR}/FBSDKLoginKit/FBSDKLoginKit.framework",
				"${BUILT_PRODUCTS_DIR}/GTMOAuth2/GTMOAuth2.framework",
				"${BUILT_PRODUCTS_DIR}/GTMSessionFetcher/GTMSessionFetcher.framework",
				"${BUILT_PRODUCTS_DIR}/GoogleToolboxForMac/GoogleToolboxForMac.framework",
				"${BUILT_PRODUCTS_DIR}/Protobuf/Protobuf.framework",
				"${BUILT_PRODUCTS_DIR}/SDWebImage/SDWebImage.framework",
				"${PODS_ROOT}/TwitterCore/iOS/TwitterCore.framework",
				"${PODS_ROOT}/TwitterKit/iOS/TwitterKit.framework",
				"${BUILT_PRODUCTS_DIR}/gRPC/GRPCClient.framework",
				"${BUILT_PRODUCTS_DIR}/gRPC-Core/grpc.framework",
				"${BUILT_PRODUCTS_DIR}/gRPC-ProtoRPC/ProtoRPC.framework",
				"${BUILT_PRODUCTS_DIR}/gRPC-RxLibrary/RxLibrary.framework",
				"${BUILT_PRODUCTS_DIR}/leveldb-library/leveldb.framework",
				"${BUILT_PRODUCTS_DIR}/nanopb/nanopb.framework",
			);
			name = "[CP] Embed Pods Frameworks";
			outputPaths = (
				"${TARGET_BUILD_DIR}/${FRAMEWORKS_FOLDER_PATH}/Bolts.framework",
				"${TARGET_BUILD_DIR}/${FRAMEWORKS_FOLDER_PATH}/openssl.framework",
				"${TARGET_BUILD_DIR}/${FRAMEWORKS_FOLDER_PATH}/FBSDKCoreKit.framework",
				"${TARGET_BUILD_DIR}/${FRAMEWORKS_FOLDER_PATH}/FBSDKLoginKit.framework",
				"${TARGET_BUILD_DIR}/${FRAMEWORKS_FOLDER_PATH}/GTMOAuth2.framework",
				"${TARGET_BUILD_DIR}/${FRAMEWORKS_FOLDER_PATH}/GTMSessionFetcher.framework",
				"${TARGET_BUILD_DIR}/${FRAMEWORKS_FOLDER_PATH}/GoogleToolboxForMac.framework",
				"${TARGET_BUILD_DIR}/${FRAMEWORKS_FOLDER_PATH}/Protobuf.framework",
				"${TARGET_BUILD_DIR}/${FRAMEWORKS_FOLDER_PATH}/SDWebImage.framework",
				"${TARGET_BUILD_DIR}/${FRAMEWORKS_FOLDER_PATH}/TwitterCore.framework",
				"${TARGET_BUILD_DIR}/${FRAMEWORKS_FOLDER_PATH}/TwitterKit.framework",
				"${TARGET_BUILD_DIR}/${FRAMEWORKS_FOLDER_PATH}/GRPCClient.framework",
				"${TARGET_BUILD_DIR}/${FRAMEWORKS_FOLDER_PATH}/grpc.framework",
				"${TARGET_BUILD_DIR}/${FRAMEWORKS_FOLDER_PATH}/ProtoRPC.framework",
				"${TARGET_BUILD_DIR}/${FRAMEWORKS_FOLDER_PATH}/RxLibrary.framework",
				"${TARGET_BUILD_DIR}/${FRAMEWORKS_FOLDER_PATH}/leveldb.framework",
				"${TARGET_BUILD_DIR}/${FRAMEWORKS_FOLDER_PATH}/nanopb.framework",
			);
			runOnlyForDeploymentPostprocessing = 0;
			shellPath = /bin/sh;
			shellScript = "\"${SRCROOT}/Pods/Target Support Files/Pods-unify_app/Pods-unify_app-frameworks.sh\"\n";
			showEnvVarsInLog = 0;
		};
/* End PBXShellScriptBuildPhase section */

/* Begin PBXSourcesBuildPhase section */
		03D1001616EC579A0005A1A9 /* Sources */ = {
			isa = PBXSourcesBuildPhase;
			buildActionMask = 2147483647;
			files = (
				30D71FB1207C0B5900E8DD76 /* ContactUsViewController.m in Sources */,
				30D71FA2207C0A2500E8DD76 /* GroupsViewController.m in Sources */,
				7EEE65B7203E6E39006CD414 /* UnifyAuthViewController.m in Sources */,
				7E37941F204E38990024D35D /* MainTabBarViewController.m in Sources */,
				7EA9B14B2081AFD30047FA57 /* ChatViewController.m in Sources */,
				7EBCBFAF2039F4D500078CC6 /* SignInViewController.m in Sources */,
				03D1002A16EC579A0005A1A9 /* main.m in Sources */,
				7E05171E208EC46300E8B325 /* NewsPosting.m in Sources */,
				7E258854203BEF2E00143F3E /* User.m in Sources */,
				7E42220E208BE0C800AB1196 /* ChatReceiverCell.m in Sources */,
				30D71FA5207C0A6E00E8DD76 /* GroupDetailViewController.m in Sources */,
				30D71F9F207C07B800E8DD76 /* PulloutMenuViewController.m in Sources */,
				7E258857203BF2E900143F3E /* DashboardViewController.m in Sources */,
				37C232C02087E50A00049F98 /* Company.m in Sources */,
				7E051722208ED26900E8B325 /* NewsPostingCell.m in Sources */,
				7E0A71972082EBE500B560EA /* ChatSenderCell.m in Sources */,
				7EBCBFAC2038E24E00078CC6 /* JobPostingViewController.m in Sources */,
				7E1233342043841200312658 /* JobPostingDetailViewController.m in Sources */,
				7E422213208D20AF00AB1196 /* JobPostingDataSource.m in Sources */,
				03D1002E16EC579A0005A1A9 /* AppDelegate.m in Sources */,
				30D71FAE207C0B2500E8DD76 /* SavedJobsViewController.m in Sources */,
				30D71FA8207C0AB900E8DD76 /* MembersViewController.m in Sources */,
				7E422216208D20CF00AB1196 /* CompanyDataSource.m in Sources */,
				30D71FAB207C0AE100E8DD76 /* AboutViewController.m in Sources */,
				7EBCBFB2203A193A00078CC6 /* JobPosting.m in Sources */,
				A4D20AB7208E709100A56E38 /* newsPost.m in Sources */,
				372236AF207575B5002AE50E /* MyNewViewController.m in Sources */,
				37C232BD2087DEA100049F98 /* JobsAndCompaniesViewController.m in Sources */,
				374F4FF9206C46EA008CC95E /* ProfileViewController.m in Sources */,
				372236B22075793F002AE50E /* SampleViewController.m in Sources */,
				7E2A99172040DC8900D0CC5D /* NewUserProfileViewController.m in Sources */,
			);
			runOnlyForDeploymentPostprocessing = 0;
		};
/* End PBXSourcesBuildPhase section */

/* Begin PBXVariantGroup section */
		03D1002616EC579A0005A1A9 /* InfoPlist.strings */ = {
			isa = PBXVariantGroup;
			children = (
				03D1002716EC579A0005A1A9 /* en */,
			);
			name = InfoPlist.strings;
			sourceTree = "<group>";
		};
/* End PBXVariantGroup section */

/* Begin XCBuildConfiguration section */
		03D1003E16EC579A0005A1A9 /* Debug */ = {
			isa = XCBuildConfiguration;
			buildSettings = {
				ALWAYS_SEARCH_USER_PATHS = NO;
				CLANG_CXX_LANGUAGE_STANDARD = "gnu++0x";
				CLANG_CXX_LIBRARY = "libc++";
				CLANG_ENABLE_OBJC_ARC = YES;
				CLANG_WARN_BLOCK_CAPTURE_AUTORELEASING = YES;
				CLANG_WARN_BOOL_CONVERSION = YES;
				CLANG_WARN_COMMA = YES;
				CLANG_WARN_CONSTANT_CONVERSION = YES;
				CLANG_WARN_EMPTY_BODY = YES;
				CLANG_WARN_ENUM_CONVERSION = YES;
				CLANG_WARN_INFINITE_RECURSION = YES;
				CLANG_WARN_INT_CONVERSION = YES;
				CLANG_WARN_NON_LITERAL_NULL_CONVERSION = YES;
				CLANG_WARN_OBJC_LITERAL_CONVERSION = YES;
				CLANG_WARN_RANGE_LOOP_ANALYSIS = YES;
				CLANG_WARN_STRICT_PROTOTYPES = YES;
				CLANG_WARN_SUSPICIOUS_MOVE = YES;
				CLANG_WARN_UNREACHABLE_CODE = YES;
				CLANG_WARN__DUPLICATE_METHOD_MATCH = YES;
				"CODE_SIGN_IDENTITY[sdk=iphoneos*]" = "iPhone Developer";
				COPY_PHASE_STRIP = NO;
				DEBUG_INFORMATION_FORMAT = dwarf;
				ENABLE_STRICT_OBJC_MSGSEND = YES;
				ENABLE_TESTABILITY = YES;
				GCC_C_LANGUAGE_STANDARD = gnu99;
				GCC_DYNAMIC_NO_PIC = NO;
				GCC_NO_COMMON_BLOCKS = YES;
				GCC_OPTIMIZATION_LEVEL = 0;
				GCC_PREPROCESSOR_DEFINITIONS = (
					"DEBUG=1",
					"$(inherited)",
				);
				GCC_SYMBOLS_PRIVATE_EXTERN = NO;
				GCC_WARN_64_TO_32_BIT_CONVERSION = YES;
				GCC_WARN_ABOUT_RETURN_TYPE = YES;
				GCC_WARN_UNDECLARED_SELECTOR = YES;
				GCC_WARN_UNINITIALIZED_AUTOS = YES;
				GCC_WARN_UNUSED_FUNCTION = YES;
				GCC_WARN_UNUSED_VARIABLE = YES;
				IPHONEOS_DEPLOYMENT_TARGET = 9.0;
				ONLY_ACTIVE_ARCH = YES;
				SDKROOT = iphoneos;
				TARGETED_DEVICE_FAMILY = "1,2";
			};
			name = Debug;
		};
		03D1003F16EC579A0005A1A9 /* Release */ = {
			isa = XCBuildConfiguration;
			buildSettings = {
				ALWAYS_SEARCH_USER_PATHS = NO;
				CLANG_CXX_LANGUAGE_STANDARD = "gnu++0x";
				CLANG_CXX_LIBRARY = "libc++";
				CLANG_ENABLE_OBJC_ARC = YES;
				CLANG_WARN_BLOCK_CAPTURE_AUTORELEASING = YES;
				CLANG_WARN_BOOL_CONVERSION = YES;
				CLANG_WARN_COMMA = YES;
				CLANG_WARN_CONSTANT_CONVERSION = YES;
				CLANG_WARN_EMPTY_BODY = YES;
				CLANG_WARN_ENUM_CONVERSION = YES;
				CLANG_WARN_INFINITE_RECURSION = YES;
				CLANG_WARN_INT_CONVERSION = YES;
				CLANG_WARN_NON_LITERAL_NULL_CONVERSION = YES;
				CLANG_WARN_OBJC_LITERAL_CONVERSION = YES;
				CLANG_WARN_RANGE_LOOP_ANALYSIS = YES;
				CLANG_WARN_STRICT_PROTOTYPES = YES;
				CLANG_WARN_SUSPICIOUS_MOVE = YES;
				CLANG_WARN_UNREACHABLE_CODE = YES;
				CLANG_WARN__DUPLICATE_METHOD_MATCH = YES;
				"CODE_SIGN_IDENTITY[sdk=iphoneos*]" = "iPhone Developer";
				COPY_PHASE_STRIP = YES;
				ENABLE_STRICT_OBJC_MSGSEND = YES;
				GCC_C_LANGUAGE_STANDARD = gnu99;
				GCC_NO_COMMON_BLOCKS = YES;
				GCC_WARN_64_TO_32_BIT_CONVERSION = YES;
				GCC_WARN_ABOUT_RETURN_TYPE = YES;
				GCC_WARN_UNDECLARED_SELECTOR = YES;
				GCC_WARN_UNINITIALIZED_AUTOS = YES;
				GCC_WARN_UNUSED_FUNCTION = YES;
				GCC_WARN_UNUSED_VARIABLE = YES;
				IPHONEOS_DEPLOYMENT_TARGET = 9.0;
				OTHER_CFLAGS = "-DNS_BLOCK_ASSERTIONS=1";
				SDKROOT = iphoneos;
				TARGETED_DEVICE_FAMILY = "1,2";
				VALIDATE_PRODUCT = YES;
			};
			name = Release;
		};
		03D1004116EC579A0005A1A9 /* Debug */ = {
			isa = XCBuildConfiguration;
			baseConfigurationReference = 3AEE264CA113157B48CBD130 /* Pods-unify_app.debug.xcconfig */;
			buildSettings = {
				CLANG_ENABLE_MODULES = YES;
				CODE_SIGN_STYLE = Manual;
				DEVELOPMENT_TEAM = "";
				FRAMEWORK_SEARCH_PATHS = (
					"$(inherited)",
					"$(SRCROOT)",
					"$(PROJECT_DIR)",
				);
				GCC_PRECOMPILE_PREFIX_HEADER = YES;
				GCC_PREFIX_HEADER = "unify_app/unify_app-Prefix.pch";
				INFOPLIST_FILE = "unify_app/unify_app-Info.plist";
				IPHONEOS_DEPLOYMENT_TARGET = 9.0;
				PRODUCT_BUNDLE_IDENTIFIER = "com.unify-app1";
				PRODUCT_NAME = "$(TARGET_NAME)";
				PROVISIONING_PROFILE_SPECIFIER = "";
				TARGETED_DEVICE_FAMILY = "1,2";
				WRAPPER_EXTENSION = app;
			};
			name = Debug;
		};
		03D1004216EC579A0005A1A9 /* Release */ = {
			isa = XCBuildConfiguration;
			baseConfigurationReference = A570C95E64D0D4C1185764F6 /* Pods-unify_app.release.xcconfig */;
			buildSettings = {
				CLANG_ENABLE_MODULES = YES;
				CODE_SIGN_STYLE = Manual;
				DEVELOPMENT_TEAM = "";
				FRAMEWORK_SEARCH_PATHS = (
					"$(inherited)",
					"$(SRCROOT)",
					"$(PROJECT_DIR)",
				);
				GCC_PRECOMPILE_PREFIX_HEADER = YES;
				GCC_PREFIX_HEADER = "unify_app/unify_app-Prefix.pch";
				INFOPLIST_FILE = "unify_app/unify_app-Info.plist";
				IPHONEOS_DEPLOYMENT_TARGET = 9.0;
				PRODUCT_BUNDLE_IDENTIFIER = "com.unify-app1";
				PRODUCT_NAME = "$(TARGET_NAME)";
				PROVISIONING_PROFILE_SPECIFIER = "";
				TARGETED_DEVICE_FAMILY = "1,2";
				WRAPPER_EXTENSION = app;
			};
			name = Release;
		};
/* End XCBuildConfiguration section */

/* Begin XCConfigurationList section */
		03D1001516EC579A0005A1A9 /* Build configuration list for PBXProject "unify_app" */ = {
			isa = XCConfigurationList;
			buildConfigurations = (
				03D1003E16EC579A0005A1A9 /* Debug */,
				03D1003F16EC579A0005A1A9 /* Release */,
			);
			defaultConfigurationIsVisible = 0;
			defaultConfigurationName = Release;
		};
		03D1004016EC579A0005A1A9 /* Build configuration list for PBXNativeTarget "unify_app" */ = {
			isa = XCConfigurationList;
			buildConfigurations = (
				03D1004116EC579A0005A1A9 /* Debug */,
				03D1004216EC579A0005A1A9 /* Release */,
			);
			defaultConfigurationIsVisible = 0;
			defaultConfigurationName = Release;
		};
/* End XCConfigurationList section */
	};
	rootObject = 03D1001216EC579A0005A1A9 /* Project object */;
}
